// !$*UTF8*$!
{
	archiveVersion = 1;
	classes = {
	};
	objectVersion = 56;
	objects = {

/* Begin PBXBuildFile section */
		8B0591192B88E1C30017D5F5 /* PomodoroApp.swift in Sources */ = {isa = PBXBuildFile; fileRef = 8B0591182B88E1C30017D5F5 /* PomodoroApp.swift */; };
		8B05911B2B88E1C30017D5F5 /* TimerView.swift in Sources */ = {isa = PBXBuildFile; fileRef = 8B05911A2B88E1C30017D5F5 /* TimerView.swift */; };
		8B05911D2B88E1C50017D5F5 /* Assets.xcassets in Resources */ = {isa = PBXBuildFile; fileRef = 8B05911C2B88E1C50017D5F5 /* Assets.xcassets */; };
		8B0591202B88E1C50017D5F5 /* Preview Assets.xcassets in Resources */ = {isa = PBXBuildFile; fileRef = 8B05911F2B88E1C50017D5F5 /* Preview Assets.xcassets */; };
		8B0591272B88E1DA0017D5F5 /* CircularTimerView.swift in Sources */ = {isa = PBXBuildFile; fileRef = 8B0591262B88E1DA0017D5F5 /* CircularTimerView.swift */; };
		8B40D4712B99CCF000268A84 /* Localizable.xcstrings in Resources */ = {isa = PBXBuildFile; fileRef = 8B40D4702B99CCF000268A84 /* Localizable.xcstrings */; };
		8B40D4752B99E15200268A84 /* LaunchScreen.storyboard in Resources */ = {isa = PBXBuildFile; fileRef = 8B40D4742B99E15200268A84 /* LaunchScreen.storyboard */; };
		8B736C8B2B93BB5D00C337C4 /* NotificationService.swift in Sources */ = {isa = PBXBuildFile; fileRef = 8B736C8A2B93BB5D00C337C4 /* NotificationService.swift */; };
		8B8ED1072BB6FCED009DD699 /* View+.swift in Sources */ = {isa = PBXBuildFile; fileRef = 8B8ED1062BB6FCED009DD699 /* View+.swift */; };
		8BA650CF2B99ACFA00B18BBC /* ProgressView.swift in Sources */ = {isa = PBXBuildFile; fileRef = 8BA650CE2B99ACFA00B18BBC /* ProgressView.swift */; };
		8BED9CA82B8F3ECD00B26FDF /* Neumorphic in Frameworks */ = {isa = PBXBuildFile; productRef = 8BED9CA72B8F3ECD00B26FDF /* Neumorphic */; };
		8BED9CAF2B8F886E00B26FDF /* HandleView.swift in Sources */ = {isa = PBXBuildFile; fileRef = 8BED9CAE2B8F886E00B26FDF /* HandleView.swift */; };
		8BF70BED2BA421C6000AFBD4 /* TimerService.swift in Sources */ = {isa = PBXBuildFile; fileRef = 8BF70BEC2BA421C6000AFBD4 /* TimerService.swift */; };
		8BF70BEF2BA4242C000AFBD4 /* ScenePhaseManager.swift in Sources */ = {isa = PBXBuildFile; fileRef = 8BF70BEE2BA4242C000AFBD4 /* ScenePhaseManager.swift */; };
		8BF70BF12BA42BFF000AFBD4 /* TextTimerView.swift in Sources */ = {isa = PBXBuildFile; fileRef = 8BF70BF02BA42BFF000AFBD4 /* TextTimerView.swift */; };
		8BF70BF32BA42C18000AFBD4 /* ControlButtonView.swift in Sources */ = {isa = PBXBuildFile; fileRef = 8BF70BF22BA42C18000AFBD4 /* ControlButtonView.swift */; };
		8BF70BF52BA43A91000AFBD4 /* ScaleView.swift in Sources */ = {isa = PBXBuildFile; fileRef = 8BF70BF42BA43A91000AFBD4 /* ScaleView.swift */; };
		8BF70BF72BA43BA2000AFBD4 /* OrientationManager.swift in Sources */ = {isa = PBXBuildFile; fileRef = 8BF70BF62BA43BA2000AFBD4 /* OrientationManager.swift */; };
		8BF70BF92BA44EE7000AFBD4 /* TextTimerViewModel.swift in Sources */ = {isa = PBXBuildFile; fileRef = 8BF70BF82BA44EE7000AFBD4 /* TextTimerViewModel.swift */; };
		8BF70BFE2BAEEF99000AFBD4 /* CircularTimerViewModel.swift in Sources */ = {isa = PBXBuildFile; fileRef = 8BF70BFD2BAEEF99000AFBD4 /* CircularTimerViewModel.swift */; };
		8BF70C002BAEF2A4000AFBD4 /* ControlButtonViewModel.swift in Sources */ = {isa = PBXBuildFile; fileRef = 8BF70BFF2BAEF2A4000AFBD4 /* ControlButtonViewModel.swift */; };
/* End PBXBuildFile section */

/* Begin PBXFileReference section */
		8B0591152B88E1C30017D5F5 /* Pomodoro.app */ = {isa = PBXFileReference; explicitFileType = wrapper.application; includeInIndex = 0; path = Pomodoro.app; sourceTree = BUILT_PRODUCTS_DIR; };
		8B0591182B88E1C30017D5F5 /* PomodoroApp.swift */ = {isa = PBXFileReference; lastKnownFileType = sourcecode.swift; path = PomodoroApp.swift; sourceTree = "<group>"; };
		8B05911A2B88E1C30017D5F5 /* TimerView.swift */ = {isa = PBXFileReference; lastKnownFileType = sourcecode.swift; path = TimerView.swift; sourceTree = "<group>"; };
		8B05911C2B88E1C50017D5F5 /* Assets.xcassets */ = {isa = PBXFileReference; lastKnownFileType = folder.assetcatalog; path = Assets.xcassets; sourceTree = "<group>"; };
		8B05911F2B88E1C50017D5F5 /* Preview Assets.xcassets */ = {isa = PBXFileReference; lastKnownFileType = folder.assetcatalog; path = "Preview Assets.xcassets"; sourceTree = "<group>"; };
		8B0591262B88E1DA0017D5F5 /* CircularTimerView.swift */ = {isa = PBXFileReference; lastKnownFileType = sourcecode.swift; path = CircularTimerView.swift; sourceTree = "<group>"; };
		8B40D4702B99CCF000268A84 /* Localizable.xcstrings */ = {isa = PBXFileReference; lastKnownFileType = text.json.xcstrings; path = Localizable.xcstrings; sourceTree = "<group>"; };
		8B40D4742B99E15200268A84 /* LaunchScreen.storyboard */ = {isa = PBXFileReference; fileEncoding = 4; lastKnownFileType = file.storyboard; path = LaunchScreen.storyboard; sourceTree = "<group>"; };
		8B736C8A2B93BB5D00C337C4 /* NotificationService.swift */ = {isa = PBXFileReference; lastKnownFileType = sourcecode.swift; path = NotificationService.swift; sourceTree = "<group>"; };
		8B8E962B2B96970E004D3B58 /* Info.plist */ = {isa = PBXFileReference; lastKnownFileType = text.plist.xml; path = Info.plist; sourceTree = "<group>"; };
		8B8ED1062BB6FCED009DD699 /* View+.swift */ = {isa = PBXFileReference; lastKnownFileType = sourcecode.swift; path = "View+.swift"; sourceTree = "<group>"; };
		8BA650CE2B99ACFA00B18BBC /* ProgressView.swift */ = {isa = PBXFileReference; lastKnownFileType = sourcecode.swift; path = ProgressView.swift; sourceTree = "<group>"; };
		8BED9CAE2B8F886E00B26FDF /* HandleView.swift */ = {isa = PBXFileReference; lastKnownFileType = sourcecode.swift; path = HandleView.swift; sourceTree = "<group>"; };
		8BF70BEC2BA421C6000AFBD4 /* TimerService.swift */ = {isa = PBXFileReference; lastKnownFileType = sourcecode.swift; name = TimerService.swift; path = Pomodoro/Core/Service/TimerService.swift; sourceTree = SOURCE_ROOT; };
		8BF70BEE2BA4242C000AFBD4 /* ScenePhaseManager.swift */ = {isa = PBXFileReference; lastKnownFileType = sourcecode.swift; path = ScenePhaseManager.swift; sourceTree = "<group>"; };
		8BF70BF02BA42BFF000AFBD4 /* TextTimerView.swift */ = {isa = PBXFileReference; lastKnownFileType = sourcecode.swift; path = TextTimerView.swift; sourceTree = "<group>"; };
		8BF70BF22BA42C18000AFBD4 /* ControlButtonView.swift */ = {isa = PBXFileReference; lastKnownFileType = sourcecode.swift; path = ControlButtonView.swift; sourceTree = "<group>"; };
		8BF70BF42BA43A91000AFBD4 /* ScaleView.swift */ = {isa = PBXFileReference; lastKnownFileType = sourcecode.swift; path = ScaleView.swift; sourceTree = "<group>"; };
		8BF70BF62BA43BA2000AFBD4 /* OrientationManager.swift */ = {isa = PBXFileReference; lastKnownFileType = sourcecode.swift; path = OrientationManager.swift; sourceTree = "<group>"; };
		8BF70BF82BA44EE7000AFBD4 /* TextTimerViewModel.swift */ = {isa = PBXFileReference; lastKnownFileType = sourcecode.swift; path = TextTimerViewModel.swift; sourceTree = "<group>"; };
		8BF70BFD2BAEEF99000AFBD4 /* CircularTimerViewModel.swift */ = {isa = PBXFileReference; lastKnownFileType = sourcecode.swift; path = CircularTimerViewModel.swift; sourceTree = "<group>"; };
		8BF70BFF2BAEF2A4000AFBD4 /* ControlButtonViewModel.swift */ = {isa = PBXFileReference; lastKnownFileType = sourcecode.swift; path = ControlButtonViewModel.swift; sourceTree = "<group>"; };
/* End PBXFileReference section */

/* Begin PBXFrameworksBuildPhase section */
		8B0591122B88E1C30017D5F5 /* Frameworks */ = {
			isa = PBXFrameworksBuildPhase;
			buildActionMask = 2147483647;
			files = (
				8BED9CA82B8F3ECD00B26FDF /* Neumorphic in Frameworks */,
			);
			runOnlyForDeploymentPostprocessing = 0;
		};
/* End PBXFrameworksBuildPhase section */

/* Begin PBXGroup section */
		8B05910C2B88E1C30017D5F5 = {
			isa = PBXGroup;
			children = (
				8B0591172B88E1C30017D5F5 /* Pomodoro */,
				8B0591162B88E1C30017D5F5 /* Products */,
			);
			sourceTree = "<group>";
		};
		8B0591162B88E1C30017D5F5 /* Products */ = {
			isa = PBXGroup;
			children = (
				8B0591152B88E1C30017D5F5 /* Pomodoro.app */,
			);
			name = Products;
			sourceTree = "<group>";
		};
		8B0591172B88E1C30017D5F5 /* Pomodoro */ = {
			isa = PBXGroup;
			children = (
				8B05911C2B88E1C50017D5F5 /* Assets.xcassets */,
				8B8E962B2B96970E004D3B58 /* Info.plist */,
				8B2942912BC6AC0D008196AD /* App */,
				8B2942922BC6AC15008196AD /* Core */,
				8B2942932BC6AC19008196AD /* Feature */,
				8B05911E2B88E1C50017D5F5 /* Preview Content */,
			);
			path = Pomodoro;
			sourceTree = "<group>";
		};
		8B05911E2B88E1C50017D5F5 /* Preview Content */ = {
			isa = PBXGroup;
			children = (
				8B05911F2B88E1C50017D5F5 /* Preview Assets.xcassets */,
			);
			path = "Preview Content";
			sourceTree = "<group>";
		};
		8B2942912BC6AC0D008196AD /* App */ = {
			isa = PBXGroup;
			children = (
				8B0591182B88E1C30017D5F5 /* PomodoroApp.swift */,
				8B40D4742B99E15200268A84 /* LaunchScreen.storyboard */,
				8B40D4702B99CCF000268A84 /* Localizable.xcstrings */,
			);
			path = App;
			sourceTree = "<group>";
		};
		8B2942922BC6AC15008196AD /* Core */ = {
			isa = PBXGroup;
			children = (
				8B2942962BC6AD03008196AD /* Service */,
				8B8ED1052BB6FCCA009DD699 /* Extension */,
			);
			path = Core;
			sourceTree = "<group>";
		};
		8B2942932BC6AC19008196AD /* Feature */ = {
			isa = PBXGroup;
			children = (
				8B05911A2B88E1C30017D5F5 /* TimerView.swift */,
				8B2942972BC6AD32008196AD /* TextTimer */,
				8B2942982BC6AD3B008196AD /* CircularTimer */,
				8B29429C2BC6B175008196AD /* ControlButton */,
			);
			path = Feature;
			sourceTree = "<group>";
		};
		8B2942962BC6AD03008196AD /* Service */ = {
			isa = PBXGroup;
			children = (
				8BF70BEC2BA421C6000AFBD4 /* TimerService.swift */,
				8B736C8A2B93BB5D00C337C4 /* NotificationService.swift */,
				8BF70BEE2BA4242C000AFBD4 /* ScenePhaseManager.swift */,
				8BF70BF62BA43BA2000AFBD4 /* OrientationManager.swift */,
			);
			path = Service;
			sourceTree = "<group>";
		};
		8B2942972BC6AD32008196AD /* TextTimer */ = {
			isa = PBXGroup;
			children = (
				8BF70BF02BA42BFF000AFBD4 /* TextTimerView.swift */,
				8BF70BF82BA44EE7000AFBD4 /* TextTimerViewModel.swift */,
			);
			path = TextTimer;
			sourceTree = "<group>";
		};
		8B2942982BC6AD3B008196AD /* CircularTimer */ = {
			isa = PBXGroup;
			children = (
				8B0591262B88E1DA0017D5F5 /* CircularTimerView.swift */,
				8BF70BFD2BAEEF99000AFBD4 /* CircularTimerViewModel.swift */,
				8B29429A2BC6AF39008196AD /* Progress */,
				8B29429B2BC6AF50008196AD /* Scale */,
				8B2942992BC6AF1C008196AD /* Handle */,
			);
			path = CircularTimer;
			sourceTree = "<group>";
		};
		8B2942992BC6AF1C008196AD /* Handle */ = {
			isa = PBXGroup;
			children = (
				8BED9CAE2B8F886E00B26FDF /* HandleView.swift */,
			);
			path = Handle;
			sourceTree = "<group>";
		};
		8B29429A2BC6AF39008196AD /* Progress */ = {
			isa = PBXGroup;
			children = (
				8BA650CE2B99ACFA00B18BBC /* ProgressView.swift */,
			);
			path = Progress;
			sourceTree = "<group>";
		};
		8B29429B2BC6AF50008196AD /* Scale */ = {
			isa = PBXGroup;
			children = (
				8BF70BF42BA43A91000AFBD4 /* ScaleView.swift */,
			);
			path = Scale;
			sourceTree = "<group>";
		};
		8B29429C2BC6B175008196AD /* ControlButton */ = {
			isa = PBXGroup;
			children = (
				8BF70BF22BA42C18000AFBD4 /* ControlButtonView.swift */,
				8BF70BFF2BAEF2A4000AFBD4 /* ControlButtonViewModel.swift */,
			);
			path = ControlButton;
			sourceTree = "<group>";
		};
		8B8ED1052BB6FCCA009DD699 /* Extension */ = {
			isa = PBXGroup;
			children = (
				8B8ED1062BB6FCED009DD699 /* View+.swift */,
			);
			path = Extension;
			sourceTree = "<group>";
		};
/* End PBXGroup section */

/* Begin PBXNativeTarget section */
		8B0591142B88E1C30017D5F5 /* Pomodoro */ = {
			isa = PBXNativeTarget;
			buildConfigurationList = 8B0591232B88E1C50017D5F5 /* Build configuration list for PBXNativeTarget "Pomodoro" */;
			buildPhases = (
				8B0591112B88E1C30017D5F5 /* Sources */,
				8B0591122B88E1C30017D5F5 /* Frameworks */,
				8B0591132B88E1C30017D5F5 /* Resources */,
			);
			buildRules = (
			);
			dependencies = (
			);
			name = Pomodoro;
			packageProductDependencies = (
				8BED9CA72B8F3ECD00B26FDF /* Neumorphic */,
			);
			productName = Pomodoro;
			productReference = 8B0591152B88E1C30017D5F5 /* Pomodoro.app */;
			productType = "com.apple.product-type.application";
		};
/* End PBXNativeTarget section */

/* Begin PBXProject section */
		8B05910D2B88E1C30017D5F5 /* Project object */ = {
			isa = PBXProject;
			attributes = {
				BuildIndependentTargetsInParallel = 1;
				LastSwiftUpdateCheck = 1500;
				LastUpgradeCheck = 1530;
				TargetAttributes = {
					8B0591142B88E1C30017D5F5 = {
						CreatedOnToolsVersion = 15.0.1;
					};
				};
			};
			buildConfigurationList = 8B0591102B88E1C30017D5F5 /* Build configuration list for PBXProject "Pomodoro" */;
			compatibilityVersion = "Xcode 14.0";
			developmentRegion = en;
			hasScannedForEncodings = 0;
			knownRegions = (
				en,
				Base,
				ko,
				es,
				fr,
				de,
				it,
				"pt-PT",
				"zh-Hans",
				ja,
				ru,
			);
			mainGroup = 8B05910C2B88E1C30017D5F5;
			packageReferences = (
				8BED9CA62B8F3ECD00B26FDF /* XCRemoteSwiftPackageReference "neumorphic" */,
			);
			productRefGroup = 8B0591162B88E1C30017D5F5 /* Products */;
			projectDirPath = "";
			projectRoot = "";
			targets = (
				8B0591142B88E1C30017D5F5 /* Pomodoro */,
			);
		};
/* End PBXProject section */

/* Begin PBXResourcesBuildPhase section */
		8B0591132B88E1C30017D5F5 /* Resources */ = {
			isa = PBXResourcesBuildPhase;
			buildActionMask = 2147483647;
			files = (
				8B0591202B88E1C50017D5F5 /* Preview Assets.xcassets in Resources */,
				8B40D4752B99E15200268A84 /* LaunchScreen.storyboard in Resources */,
				8B05911D2B88E1C50017D5F5 /* Assets.xcassets in Resources */,
				8B40D4712B99CCF000268A84 /* Localizable.xcstrings in Resources */,
			);
			runOnlyForDeploymentPostprocessing = 0;
		};
/* End PBXResourcesBuildPhase section */

/* Begin PBXSourcesBuildPhase section */
		8B0591112B88E1C30017D5F5 /* Sources */ = {
			isa = PBXSourcesBuildPhase;
			buildActionMask = 2147483647;
			files = (
				8B0591272B88E1DA0017D5F5 /* CircularTimerView.swift in Sources */,
				8BF70BF92BA44EE7000AFBD4 /* TextTimerViewModel.swift in Sources */,
				8BED9CAF2B8F886E00B26FDF /* HandleView.swift in Sources */,
				8BF70BF72BA43BA2000AFBD4 /* OrientationManager.swift in Sources */,
				8BF70BF32BA42C18000AFBD4 /* ControlButtonView.swift in Sources */,
				8B05911B2B88E1C30017D5F5 /* TimerView.swift in Sources */,
				8BF70C002BAEF2A4000AFBD4 /* ControlButtonViewModel.swift in Sources */,
				8B736C8B2B93BB5D00C337C4 /* NotificationService.swift in Sources */,
				8BF70BEF2BA4242C000AFBD4 /* ScenePhaseManager.swift in Sources */,
				8B0591192B88E1C30017D5F5 /* PomodoroApp.swift in Sources */,
				8BF70BF52BA43A91000AFBD4 /* ScaleView.swift in Sources */,
				8BF70BED2BA421C6000AFBD4 /* TimerService.swift in Sources */,
				8B8ED1072BB6FCED009DD699 /* View+.swift in Sources */,
				8BA650CF2B99ACFA00B18BBC /* ProgressView.swift in Sources */,
				8BF70BFE2BAEEF99000AFBD4 /* CircularTimerViewModel.swift in Sources */,
				8BF70BF12BA42BFF000AFBD4 /* TextTimerView.swift in Sources */,
			);
			runOnlyForDeploymentPostprocessing = 0;
		};
/* End PBXSourcesBuildPhase section */

/* Begin XCBuildConfiguration section */
		8B0591212B88E1C50017D5F5 /* Debug */ = {
			isa = XCBuildConfiguration;
			buildSettings = {
				ALWAYS_SEARCH_USER_PATHS = NO;
				ASSETCATALOG_COMPILER_GENERATE_SWIFT_ASSET_SYMBOL_EXTENSIONS = YES;
				CLANG_ANALYZER_LOCALIZABILITY_NONLOCALIZED = YES;
				CLANG_ANALYZER_NONNULL = YES;
				CLANG_ANALYZER_NUMBER_OBJECT_CONVERSION = YES_AGGRESSIVE;
				CLANG_CXX_LANGUAGE_STANDARD = "gnu++20";
				CLANG_ENABLE_MODULES = YES;
				CLANG_ENABLE_OBJC_ARC = YES;
				CLANG_ENABLE_OBJC_WEAK = YES;
				CLANG_WARN_BLOCK_CAPTURE_AUTORELEASING = YES;
				CLANG_WARN_BOOL_CONVERSION = YES;
				CLANG_WARN_COMMA = YES;
				CLANG_WARN_CONSTANT_CONVERSION = YES;
				CLANG_WARN_DEPRECATED_OBJC_IMPLEMENTATIONS = YES;
				CLANG_WARN_DIRECT_OBJC_ISA_USAGE = YES_ERROR;
				CLANG_WARN_DOCUMENTATION_COMMENTS = YES;
				CLANG_WARN_EMPTY_BODY = YES;
				CLANG_WARN_ENUM_CONVERSION = YES;
				CLANG_WARN_INFINITE_RECURSION = YES;
				CLANG_WARN_INT_CONVERSION = YES;
				CLANG_WARN_NON_LITERAL_NULL_CONVERSION = YES;
				CLANG_WARN_OBJC_IMPLICIT_RETAIN_SELF = YES;
				CLANG_WARN_OBJC_LITERAL_CONVERSION = YES;
				CLANG_WARN_OBJC_ROOT_CLASS = YES_ERROR;
				CLANG_WARN_QUOTED_INCLUDE_IN_FRAMEWORK_HEADER = YES;
				CLANG_WARN_RANGE_LOOP_ANALYSIS = YES;
				CLANG_WARN_STRICT_PROTOTYPES = YES;
				CLANG_WARN_SUSPICIOUS_MOVE = YES;
				CLANG_WARN_UNGUARDED_AVAILABILITY = YES_AGGRESSIVE;
				CLANG_WARN_UNREACHABLE_CODE = YES;
				CLANG_WARN__DUPLICATE_METHOD_MATCH = YES;
				COPY_PHASE_STRIP = NO;
				DEBUG_INFORMATION_FORMAT = dwarf;
				ENABLE_STRICT_OBJC_MSGSEND = YES;
				ENABLE_TESTABILITY = YES;
				ENABLE_USER_SCRIPT_SANDBOXING = YES;
				GCC_C_LANGUAGE_STANDARD = gnu17;
				GCC_DYNAMIC_NO_PIC = NO;
				GCC_NO_COMMON_BLOCKS = YES;
				GCC_OPTIMIZATION_LEVEL = 0;
				GCC_PREPROCESSOR_DEFINITIONS = (
					"DEBUG=1",
					"$(inherited)",
				);
				GCC_WARN_64_TO_32_BIT_CONVERSION = YES;
				GCC_WARN_ABOUT_RETURN_TYPE = YES_ERROR;
				GCC_WARN_UNDECLARED_SELECTOR = YES;
				GCC_WARN_UNINITIALIZED_AUTOS = YES_AGGRESSIVE;
				GCC_WARN_UNUSED_FUNCTION = YES;
				GCC_WARN_UNUSED_VARIABLE = YES;
				IPHONEOS_DEPLOYMENT_TARGET = 17.0;
				LOCALIZATION_PREFERS_STRING_CATALOGS = YES;
				MTL_ENABLE_DEBUG_INFO = INCLUDE_SOURCE;
				MTL_FAST_MATH = YES;
				ONLY_ACTIVE_ARCH = YES;
				SDKROOT = iphoneos;
				SWIFT_ACTIVE_COMPILATION_CONDITIONS = "DEBUG $(inherited)";
				SWIFT_OPTIMIZATION_LEVEL = "-Onone";
				XROS_DEPLOYMENT_TARGET = 1.0;
			};
			name = Debug;
		};
		8B0591222B88E1C50017D5F5 /* Release */ = {
			isa = XCBuildConfiguration;
			buildSettings = {
				ALWAYS_SEARCH_USER_PATHS = NO;
				ASSETCATALOG_COMPILER_GENERATE_SWIFT_ASSET_SYMBOL_EXTENSIONS = YES;
				CLANG_ANALYZER_LOCALIZABILITY_NONLOCALIZED = YES;
				CLANG_ANALYZER_NONNULL = YES;
				CLANG_ANALYZER_NUMBER_OBJECT_CONVERSION = YES_AGGRESSIVE;
				CLANG_CXX_LANGUAGE_STANDARD = "gnu++20";
				CLANG_ENABLE_MODULES = YES;
				CLANG_ENABLE_OBJC_ARC = YES;
				CLANG_ENABLE_OBJC_WEAK = YES;
				CLANG_WARN_BLOCK_CAPTURE_AUTORELEASING = YES;
				CLANG_WARN_BOOL_CONVERSION = YES;
				CLANG_WARN_COMMA = YES;
				CLANG_WARN_CONSTANT_CONVERSION = YES;
				CLANG_WARN_DEPRECATED_OBJC_IMPLEMENTATIONS = YES;
				CLANG_WARN_DIRECT_OBJC_ISA_USAGE = YES_ERROR;
				CLANG_WARN_DOCUMENTATION_COMMENTS = YES;
				CLANG_WARN_EMPTY_BODY = YES;
				CLANG_WARN_ENUM_CONVERSION = YES;
				CLANG_WARN_INFINITE_RECURSION = YES;
				CLANG_WARN_INT_CONVERSION = YES;
				CLANG_WARN_NON_LITERAL_NULL_CONVERSION = YES;
				CLANG_WARN_OBJC_IMPLICIT_RETAIN_SELF = YES;
				CLANG_WARN_OBJC_LITERAL_CONVERSION = YES;
				CLANG_WARN_OBJC_ROOT_CLASS = YES_ERROR;
				CLANG_WARN_QUOTED_INCLUDE_IN_FRAMEWORK_HEADER = YES;
				CLANG_WARN_RANGE_LOOP_ANALYSIS = YES;
				CLANG_WARN_STRICT_PROTOTYPES = YES;
				CLANG_WARN_SUSPICIOUS_MOVE = YES;
				CLANG_WARN_UNGUARDED_AVAILABILITY = YES_AGGRESSIVE;
				CLANG_WARN_UNREACHABLE_CODE = YES;
				CLANG_WARN__DUPLICATE_METHOD_MATCH = YES;
				COPY_PHASE_STRIP = NO;
				DEBUG_INFORMATION_FORMAT = "dwarf-with-dsym";
				ENABLE_NS_ASSERTIONS = NO;
				ENABLE_STRICT_OBJC_MSGSEND = YES;
				ENABLE_USER_SCRIPT_SANDBOXING = YES;
				GCC_C_LANGUAGE_STANDARD = gnu17;
				GCC_NO_COMMON_BLOCKS = YES;
				GCC_WARN_64_TO_32_BIT_CONVERSION = YES;
				GCC_WARN_ABOUT_RETURN_TYPE = YES_ERROR;
				GCC_WARN_UNDECLARED_SELECTOR = YES;
				GCC_WARN_UNINITIALIZED_AUTOS = YES_AGGRESSIVE;
				GCC_WARN_UNUSED_FUNCTION = YES;
				GCC_WARN_UNUSED_VARIABLE = YES;
				IPHONEOS_DEPLOYMENT_TARGET = 17.0;
				LOCALIZATION_PREFERS_STRING_CATALOGS = YES;
				MTL_ENABLE_DEBUG_INFO = NO;
				MTL_FAST_MATH = YES;
				SDKROOT = iphoneos;
				SWIFT_COMPILATION_MODE = wholemodule;
				VALIDATE_PRODUCT = YES;
				XROS_DEPLOYMENT_TARGET = 1.0;
			};
			name = Release;
		};
		8B0591242B88E1C50017D5F5 /* Debug */ = {
			isa = XCBuildConfiguration;
			buildSettings = {
				ASSETCATALOG_COMPILER_APPICON_NAME = AppIcon;
				ASSETCATALOG_COMPILER_GLOBAL_ACCENT_COLOR_NAME = AccentColor;
				CODE_SIGN_STYLE = Automatic;
				CURRENT_PROJECT_VERSION = 1;
				DEVELOPMENT_ASSET_PATHS = "\"Pomodoro/Preview Content\"";
				DEVELOPMENT_TEAM = PS98A42LW7;
				ENABLE_PREVIEWS = YES;
				GENERATE_INFOPLIST_FILE = YES;
				INFOPLIST_FILE = Pomodoro/Info.plist;
				INFOPLIST_KEY_CFBundleDisplayName = "";
				INFOPLIST_KEY_LSApplicationCategoryType = "public.app-category.productivity";
				INFOPLIST_KEY_UIApplicationSceneManifest_Generation = YES;
				INFOPLIST_KEY_UIApplicationSupportsIndirectInputEvents = YES;
				INFOPLIST_KEY_UILaunchScreen_Generation = YES;
				INFOPLIST_KEY_UILaunchStoryboardName = LaunchScreen.storyboard;
				INFOPLIST_KEY_UISupportedInterfaceOrientations = "UIInterfaceOrientationLandscapeLeft UIInterfaceOrientationLandscapeRight UIInterfaceOrientationPortrait UIInterfaceOrientationPortraitUpsideDown";
				IPHONEOS_DEPLOYMENT_TARGET = 17.0;
				LD_RUNPATH_SEARCH_PATHS = (
					"$(inherited)",
					"@executable_path/Frameworks",
				);
				MARKETING_VERSION = 1.0.4;
				PRODUCT_BUNDLE_IDENTIFIER = com.appsembly.pomodoro;
				PRODUCT_NAME = "$(TARGET_NAME)";
				SUPPORTED_PLATFORMS = "iphoneos iphonesimulator";
				SUPPORTS_MACCATALYST = NO;
				SUPPORTS_MAC_DESIGNED_FOR_IPHONE_IPAD = NO;
				SUPPORTS_XR_DESIGNED_FOR_IPHONE_IPAD = YES;
				SWIFT_EMIT_LOC_STRINGS = YES;
				SWIFT_VERSION = 5.0;
				TARGETED_DEVICE_FAMILY = "1,2";
			};
			name = Debug;
		};
		8B0591252B88E1C50017D5F5 /* Release */ = {
			isa = XCBuildConfiguration;
			buildSettings = {
				ASSETCATALOG_COMPILER_APPICON_NAME = AppIcon;
				ASSETCATALOG_COMPILER_GLOBAL_ACCENT_COLOR_NAME = AccentColor;
				CODE_SIGN_STYLE = Automatic;
				CURRENT_PROJECT_VERSION = 1;
				DEVELOPMENT_ASSET_PATHS = "\"Pomodoro/Preview Content\"";
				DEVELOPMENT_TEAM = PS98A42LW7;
				ENABLE_PREVIEWS = YES;
				GENERATE_INFOPLIST_FILE = YES;
				INFOPLIST_FILE = Pomodoro/Info.plist;
				INFOPLIST_KEY_CFBundleDisplayName = "";
				INFOPLIST_KEY_LSApplicationCategoryType = "public.app-category.productivity";
				INFOPLIST_KEY_UIApplicationSceneManifest_Generation = YES;
				INFOPLIST_KEY_UIApplicationSupportsIndirectInputEvents = YES;
				INFOPLIST_KEY_UILaunchScreen_Generation = YES;
				INFOPLIST_KEY_UILaunchStoryboardName = LaunchScreen.storyboard;
				INFOPLIST_KEY_UISupportedInterfaceOrientations = "UIInterfaceOrientationLandscapeLeft UIInterfaceOrientationLandscapeRight UIInterfaceOrientationPortrait UIInterfaceOrientationPortraitUpsideDown";
				IPHONEOS_DEPLOYMENT_TARGET = 17.0;
				LD_RUNPATH_SEARCH_PATHS = (
					"$(inherited)",
					"@executable_path/Frameworks",
				);
				MARKETING_VERSION = 1.0.4;
				PRODUCT_BUNDLE_IDENTIFIER = com.appsembly.pomodoro;
				PRODUCT_NAME = "$(TARGET_NAME)";
				SUPPORTED_PLATFORMS = "iphoneos iphonesimulator";
				SUPPORTS_MACCATALYST = NO;
				SUPPORTS_MAC_DESIGNED_FOR_IPHONE_IPAD = NO;
				SUPPORTS_XR_DESIGNED_FOR_IPHONE_IPAD = YES;
				SWIFT_EMIT_LOC_STRINGS = YES;
				SWIFT_VERSION = 5.0;
				TARGETED_DEVICE_FAMILY = "1,2";
			};
			name = Release;
		};
/* End XCBuildConfiguration section */

/* Begin XCConfigurationList section */
		8B0591102B88E1C30017D5F5 /* Build configuration list for PBXProject "Pomodoro" */ = {
			isa = XCConfigurationList;
			buildConfigurations = (
				8B0591212B88E1C50017D5F5 /* Debug */,
				8B0591222B88E1C50017D5F5 /* Release */,
			);
			defaultConfigurationIsVisible = 0;
			defaultConfigurationName = Release;
		};
		8B0591232B88E1C50017D5F5 /* Build configuration list for PBXNativeTarget "Pomodoro" */ = {
			isa = XCConfigurationList;
			buildConfigurations = (
				8B0591242B88E1C50017D5F5 /* Debug */,
				8B0591252B88E1C50017D5F5 /* Release */,
			);
			defaultConfigurationIsVisible = 0;
			defaultConfigurationName = Release;
		};
/* End XCConfigurationList section */

/* Begin XCRemoteSwiftPackageReference section */
		8BED9CA62B8F3ECD00B26FDF /* XCRemoteSwiftPackageReference "neumorphic" */ = {
			isa = XCRemoteSwiftPackageReference;
			repositoryURL = "https://github.com/costachung/neumorphic/";
			requirement = {
				branch = master;
				kind = branch;
			};
		};
/* End XCRemoteSwiftPackageReference section */

/* Begin XCSwiftPackageProductDependency section */
		8BED9CA72B8F3ECD00B26FDF /* Neumorphic */ = {
			isa = XCSwiftPackageProductDependency;
			package = 8BED9CA62B8F3ECD00B26FDF /* XCRemoteSwiftPackageReference "neumorphic" */;
			productName = Neumorphic;
		};
/* End XCSwiftPackageProductDependency section */
	};
	rootObject = 8B05910D2B88E1C30017D5F5 /* Project object */;
}
